
Microsoft Visual Studio Solution File, Format Version 12.00
# Visual Studio 14
VisualStudioVersion = 14.0.25123.0
MinimumVisualStudioVersion = 10.0.40219.1
Project("{8BC9CEB8-8B4A-11D0-8D11-00A0C91BC942}") = "sudoku", "sudoku\sudoku.vcxproj", "{153787F7-269F-4057-AA75-A6FB20D34CE9}"
EndProject
Project("{8BC9CEB8-8B4A-11D0-8D11-00A0C91BC942}") = "UnitTest_cpuid", "UnitTest_cpuid\UnitTest_cpuid.vcxproj", "{623393B7-1192-4744-B045-766FF110E85A}"
EndProject
Project("{8BC9CEB8-8B4A-11D0-8D11-00A0C91BC942}") = "shared", "shared\shared.vcxitems", "{45D41ACC-2C3C-43D2-BC10-02AA73FFC7C7}"
EndProject
Project("{8BC9CEB8-8B4A-11D0-8D11-00A0C91BC942}") = "UnitTest_dct", "UnitTest_dct\UnitTest_dct.vcxproj", "{CA147FFD-D192-49D2-BA9A-33A66B6E90D9}"
EndProject
Project("{2150E333-8FDC-42A3-9474-1A3956D46DE8}") = "Solution Items", "Solution Items", "{614FC48B-35BD-4BB0-AE1C-A24AE48A4CE1}"
	ProjectSection(SolutionItems) = preProject
		..\README.md = ..\README.md
	EndProjectSection
EndProject
Global
	GlobalSection(SolutionConfigurationPlatforms) = preSolution
		Debug|x64 = Debug|x64
		Debug|x86 = Debug|x86
		Release|x64 = Release|x64
		Release|x86 = Release|x86
	EndGlobalSection
	GlobalSection(ProjectConfigurationPlatforms) = postSolution
		{623393B7-1192-4744-B045-766FF110E85A}.Debug|x64.ActiveCfg = Debug|x64
		{623393B7-1192-4744-B045-766FF110E85A}.Debug|x64.Build.0 = Debug|x64
		{623393B7-1192-4744-B045-766FF110E85A}.Debug|x86.ActiveCfg = Debug|Win32
		{623393B7-1192-4744-B045-766FF110E85A}.Debug|x86.Build.0 = Debug|Win32
		{623393B7-1192-4744-B045-766FF110E85A}.Release|x64.ActiveCfg = Release|x64
		{623393B7-1192-4744-B045-766FF110E85A}.Release|x64.Build.0 = Release|x64
		{623393B7-1192-4744-B045-766FF110E85A}.Release|x86.ActiveCfg = Release|Win32
		{623393B7-1192-4744-B045-766FF110E85A}.Release|x86.Build.0 = Release|Win32
		{CA147FFD-D192-49D2-BA9A-33A66B6E90D9}.Debug|x64.ActiveCfg = Debug|x64
		{CA147FFD-D192-49D2-BA9A-33A66B6E90D9}.Debug|x64.Build.0 = Debug|x64
		{CA147FFD-D192-49D2-BA9A-33A66B6E90D9}.Debug|x86.ActiveCfg = Debug|Win32
		{CA147FFD-D192-49D2-BA9A-33A66B6E90D9}.Debug|x86.Build.0 = Debug|Win32
		{CA147FFD-D192-49D2-BA9A-33A66B6E90D9}.Release|x64.ActiveCfg = Release|x64
		{CA147FFD-D192-49D2-BA9A-33A66B6E90D9}.Release|x64.Build.0 = Release|x64
		{CA147FFD-D192-49D2-BA9A-33A66B6E90D9}.Release|x86.ActiveCfg = Release|Win32
		{CA147FFD-D192-49D2-BA9A-33A66B6E90D9}.Release|x86.Build.0 = Release|Win32
	EndGlobalSection
	GlobalSection(SolutionProperties) = preSolution
		HideSolutionNode = FALSE
	EndGlobalSection
EndGlobal
